
Microsoft Visual Studio Solution File, Format Version 12.00
# Visual Studio Version 17
VisualStudioVersion = 17.5.002.0
MinimumVisualStudioVersion = 10.0.40219.1
Project("{2150E333-8FDC-42A3-9474-1A3956D46DE8}") = "csharp-prep", "csharp-prep", "{D6E10B52-706D-44CC-B022-322863B3FB48}"
EndProject
Project("{9A19103F-16F7-4668-BE54-9A1E7A4F7556}") = "Prep1", "csharp-prep\Prep1\Prep1.csproj", "{EC0CBC0C-E47E-44A5-8353-13B3DB2F9E47}"
EndProject
Project("{9A19103F-16F7-4668-BE54-9A1E7A4F7556}") = "Prep2", "csharp-prep\Prep2\Prep2.csproj", "{D9F5DDC3-F0E7-4962-B376-0D22A331CA1A}"
EndProject
Project("{9A19103F-16F7-4668-BE54-9A1E7A4F7556}") = "Prep3", "csharp-prep\Prep3\Prep3.csproj", "{FEE48A93-BAAE-4A63-B9CF-A4182A5CBA00}"
EndProject
Project("{9A19103F-16F7-4668-BE54-9A1E7A4F7556}") = "Prep4", "csharp-prep\Prep4\Prep4.csproj", "{D93E5CED-E9F0-41FD-AF06-C4D94FDB7DC1}"
EndProject
Project("{9A19103F-16F7-4668-BE54-9A1E7A4F7556}") = "Prep5", "csharp-prep\Prep5\Prep5.csproj", "{CE1D2261-E233-4E01-9F15-AD9050E64869}"
EndProject
Project("{2150E333-8FDC-42A3-9474-1A3956D46DE8}") = "final", "final", "{3F7948AA-0BD6-4157-B2B5-26E1D33AB609}"
EndProject
Project("{9A19103F-16F7-4668-BE54-9A1E7A4F7556}") = "FinalProject", "final\FinalProject\FinalProject.csproj", "{6D4740D7-A8D3-4384-A939-A6F01F5DA411}"
EndProject
Project("{9A19103F-16F7-4668-BE54-9A1E7A4F7556}") = "Foundation1", "final\Foundation1\Foundation1.csproj", "{7A112FC1-4075-48F3-883F-00C46FFEF0CD}"
EndProject
Project("{9A19103F-16F7-4668-BE54-9A1E7A4F7556}") = "Foundation2", "final\Foundation2\Foundation2.csproj", "{747139C3-B918-4BEA-98B8-5E9F6579348F}"
EndProject
Project("{9A19103F-16F7-4668-BE54-9A1E7A4F7556}") = "Foundation3", "final\Foundation3\Foundation3.csproj", "{EF06D7ED-0384-42B4-B0F8-BA524B1B948D}"
EndProject
Project("{9A19103F-16F7-4668-BE54-9A1E7A4F7556}") = "Foundation4", "final\Foundation4\Foundation4.csproj", "{7B0A261C-A404-4938-A7CA-C8911F0D5F50}"
EndProject
Project("{2150E333-8FDC-42A3-9474-1A3956D46DE8}") = "prepare", "prepare", "{8D016948-BE45-4A58-B099-2DD767C93B4C}"
EndProject
Project("{9A19103F-16F7-4668-BE54-9A1E7A4F7556}") = "Learning02", "prepare\Learning02\Learning02.csproj", "{0AAC67D8-C5BB-4B52-9232-58C842551BDC}"
EndProject
Project("{9A19103F-16F7-4668-BE54-9A1E7A4F7556}") = "Learning03", "prepare\Learning03\Learning03.csproj", "{2B28FCB6-626B-4597-BFFB-7CB45C5F89F9}"
EndProject
Project("{9A19103F-16F7-4668-BE54-9A1E7A4F7556}") = "Learning04", "prepare\Learning04\Learning04.csproj", "{9B4681F6-71B9-4C22-A704-D9F5D4EB4498}"
EndProject
Project("{9A19103F-16F7-4668-BE54-9A1E7A4F7556}") = "Learning05", "prepare\Learning05\Learning05.csproj", "{85C90CE4-C35A-48FB-8279-B7A15B8C71A9}"
EndProject
Project("{2150E333-8FDC-42A3-9474-1A3956D46DE8}") = "prove", "prove", "{8E1759F7-556B-4B31-BA06-DD5617F2ED37}"
EndProject
Project("{9A19103F-16F7-4668-BE54-9A1E7A4F7556}") = "Develop02", "prove\Develop02\Develop02.csproj", "{FD15F976-1CB0-4BDA-99C7-2443A795D7CC}"
EndProject
Project("{9A19103F-16F7-4668-BE54-9A1E7A4F7556}") = "Develop03", "prove\Develop03\Develop03.csproj", "{CD183098-E434-4BBA-BCBA-D0E7D1169036}"
EndProject
Project("{9A19103F-16F7-4668-BE54-9A1E7A4F7556}") = "Develop04", "prove\Develop04\Develop04.csproj", "{62EBC06F-C1E7-40F4-B06B-A5DC133F5182}"
EndProject
Project("{9A19103F-16F7-4668-BE54-9A1E7A4F7556}") = "Develop05", "prove\Develop05\Develop05.csproj", "{9367E811-BA18-4686-9B71-A846EA6DADCF}"
EndProject
Project("{2150E333-8FDC-42A3-9474-1A3956D46DE8}") = "sandbox", "sandbox", "{A103D93E-5079-4958-9979-BA8F9B8BE7DC}"
EndProject
Project("{9A19103F-16F7-4668-BE54-9A1E7A4F7556}") = "Sandbox", "sandbox\Sandbox\Sandbox.csproj", "{B04C5389-943B-4558-9188-1DDC3284EE7E}"
EndProject
Global
	GlobalSection(SolutionConfigurationPlatforms) = preSolution
		Debug|Any CPU = Debug|Any CPU
		Release|Any CPU = Release|Any CPU
	EndGlobalSection
	GlobalSection(ProjectConfigurationPlatforms) = postSolution
		{EC0CBC0C-E47E-44A5-8353-13B3DB2F9E47}.Debug|Any CPU.ActiveCfg = Debug|Any CPU
		{EC0CBC0C-E47E-44A5-8353-13B3DB2F9E47}.Debug|Any CPU.Build.0 = Debug|Any CPU
		{EC0CBC0C-E47E-44A5-8353-13B3DB2F9E47}.Release|Any CPU.ActiveCfg = Release|Any CPU
		{EC0CBC0C-E47E-44A5-8353-13B3DB2F9E47}.Release|Any CPU.Build.0 = Release|Any CPU
		{D9F5DDC3-F0E7-4962-B376-0D22A331CA1A}.Debug|Any CPU.ActiveCfg = Debug|Any CPU
		{D9F5DDC3-F0E7-4962-B376-0D22A331CA1A}.Debug|Any CPU.Build.0 = Debug|Any CPU
		{D9F5DDC3-F0E7-4962-B376-0D22A331CA1A}.Release|Any CPU.ActiveCfg = Release|Any CPU
		{D9F5DDC3-F0E7-4962-B376-0D22A331CA1A}.Release|Any CPU.Build.0 = Release|Any CPU
		{FEE48A93-BAAE-4A63-B9CF-A4182A5CBA00}.Debug|Any CPU.ActiveCfg = Debug|Any CPU
		{FEE48A93-BAAE-4A63-B9CF-A4182A5CBA00}.Debug|Any CPU.Build.0 = Debug|Any CPU
		{FEE48A93-BAAE-4A63-B9CF-A4182A5CBA00}.Release|Any CPU.ActiveCfg = Release|Any CPU
		{FEE48A93-BAAE-4A63-B9CF-A4182A5CBA00}.Release|Any CPU.Build.0 = Release|Any CPU
		{D93E5CED-E9F0-41FD-AF06-C4D94FDB7DC1}.Debug|Any CPU.ActiveCfg = Debug|Any CPU
		{D93E5CED-E9F0-41FD-AF06-C4D94FDB7DC1}.Debug|Any CPU.Build.0 = Debug|Any CPU
		{D93E5CED-E9F0-41FD-AF06-C4D94FDB7DC1}.Release|Any CPU.ActiveCfg = Release|Any CPU
		{D93E5CED-E9F0-41FD-AF06-C4D94FDB7DC1}.Release|Any CPU.Build.0 = Release|Any CPU
		{CE1D2261-E233-4E01-9F15-AD9050E64869}.Debug|Any CPU.ActiveCfg = Debug|Any CPU
		{CE1D2261-E233-4E01-9F15-AD9050E64869}.Debug|Any CPU.Build.0 = Debug|Any CPU
		{CE1D2261-E233-4E01-9F15-AD9050E64869}.Release|Any CPU.ActiveCfg = Release|Any CPU
		{CE1D2261-E233-4E01-9F15-AD9050E64869}.Release|Any CPU.Build.0 = Release|Any CPU
		{6D4740D7-A8D3-4384-A939-A6F01F5DA411}.Debug|Any CPU.ActiveCfg = Debug|Any CPU
		{6D4740D7-A8D3-4384-A939-A6F01F5DA411}.Debug|Any CPU.Build.0 = Debug|Any CPU
		{6D4740D7-A8D3-4384-A939-A6F01F5DA411}.Release|Any CPU.ActiveCfg = Release|Any CPU
		{6D4740D7-A8D3-4384-A939-A6F01F5DA411}.Release|Any CPU.Build.0 = Release|Any CPU
		{7A112FC1-4075-48F3-883F-00C46FFEF0CD}.Debug|Any CPU.ActiveCfg = Debug|Any CPU
		{7A112FC1-4075-48F3-883F-00C46FFEF0CD}.Debug|Any CPU.Build.0 = Debug|Any CPU
		{7A112FC1-4075-48F3-883F-00C46FFEF0CD}.Release|Any CPU.ActiveCfg = Release|Any CPU
		{7A112FC1-4075-48F3-883F-00C46FFEF0CD}.Release|Any CPU.Build.0 = Release|Any CPU
		{747139C3-B918-4BEA-98B8-5E9F6579348F}.Debug|Any CPU.ActiveCfg = Debug|Any CPU
		{747139C3-B918-4BEA-98B8-5E9F6579348F}.Debug|Any CPU.Build.0 = Debug|Any CPU
		{747139C3-B918-4BEA-98B8-5E9F6579348F}.Release|Any CPU.ActiveCfg = Release|Any CPU
		{747139C3-B918-4BEA-98B8-5E9F6579348F}.Release|Any CPU.Build.0 = Release|Any CPU
		{EF06D7ED-0384-42B4-B0F8-BA524B1B948D}.Debug|Any CPU.ActiveCfg = Debug|Any CPU
		{EF06D7ED-0384-42B4-B0F8-BA524B1B948D}.Debug|Any CPU.Build.0 = Debug|Any CPU
		{EF06D7ED-0384-42B4-B0F8-BA524B1B948D}.Release|Any CPU.ActiveCfg = Release|Any CPU
		{EF06D7ED-0384-42B4-B0F8-BA524B1B948D}.Release|Any CPU.Build.0 = Release|Any CPU
		{7B0A261C-A404-4938-A7CA-C8911F0D5F50}.Debug|Any CPU.ActiveCfg = Debug|Any CPU
		{7B0A261C-A404-4938-A7CA-C8911F0D5F50}.Debug|Any CPU.Build.0 = Debug|Any CPU
		{7B0A261C-A404-4938-A7CA-C8911F0D5F50}.Release|Any CPU.ActiveCfg = Release|Any CPU
		{7B0A261C-A404-4938-A7CA-C8911F0D5F50}.Release|Any CPU.Build.0 = Release|Any CPU
		{0AAC67D8-C5BB-4B52-9232-58C842551BDC}.Debug|Any CPU.ActiveCfg = Debug|Any CPU
		{0AAC67D8-C5BB-4B52-9232-58C842551BDC}.Debug|Any CPU.Build.0 = Debug|Any CPU
		{0AAC67D8-C5BB-4B52-9232-58C842551BDC}.Release|Any CPU.ActiveCfg = Release|Any CPU
		{0AAC67D8-C5BB-4B52-9232-58C842551BDC}.Release|Any CPU.Build.0 = Release|Any CPU
		{2B28FCB6-626B-4597-BFFB-7CB45C5F89F9}.Debug|Any CPU.ActiveCfg = Debug|Any CPU
		{2B28FCB6-626B-4597-BFFB-7CB45C5F89F9}.Debug|Any CPU.Build.0 = Debug|Any CPU
		{2B28FCB6-626B-4597-BFFB-7CB45C5F89F9}.Release|Any CPU.ActiveCfg = Release|Any CPU
		{2B28FCB6-626B-4597-BFFB-7CB45C5F89F9}.Release|Any CPU.Build.0 = Release|Any CPU
		{9B4681F6-71B9-4C22-A704-D9F5D4EB4498}.Debug|Any CPU.ActiveCfg = Debug|Any CPU
		{9B4681F6-71B9-4C22-A704-D9F5D4EB4498}.Debug|Any CPU.Build.0 = Debug|Any CPU
		{9B4681F6-71B9-4C22-A704-D9F5D4EB4498}.Release|Any CPU.ActiveCfg = Release|Any CPU
		{9B4681F6-71B9-4C22-A704-D9F5D4EB4498}.Release|Any CPU.Build.0 = Release|Any CPU
		{85C90CE4-C35A-48FB-8279-B7A15B8C71A9}.Debug|Any CPU.ActiveCfg = Debug|Any CPU
		{85C90CE4-C35A-48FB-8279-B7A15B8C71A9}.Debug|Any CPU.Build.0 = Debug|Any CPU
		{85C90CE4-C35A-48FB-8279-B7A15B8C71A9}.Release|Any CPU.ActiveCfg = Release|Any CPU
		{85C90CE4-C35A-48FB-8279-B7A15B8C71A9}.Release|Any CPU.Build.0 = Release|Any CPU
		{FD15F976-1CB0-4BDA-99C7-2443A795D7CC}.Debug|Any CPU.ActiveCfg = Debug|Any CPU
		{FD15F976-1CB0-4BDA-99C7-2443A795D7CC}.Debug|Any CPU.Build.0 = Debug|Any CPU
		{FD15F976-1CB0-4BDA-99C7-2443A795D7CC}.Release|Any CPU.ActiveCfg = Release|Any CPU
		{FD15F976-1CB0-4BDA-99C7-2443A795D7CC}.Release|Any CPU.Build.0 = Release|Any CPU
		{CD183098-E434-4BBA-BCBA-D0E7D1169036}.Debug|Any CPU.ActiveCfg = Debug|Any CPU
		{CD183098-E434-4BBA-BCBA-D0E7D1169036}.Debug|Any CPU.Build.0 = Debug|Any CPU
		{CD183098-E434-4BBA-BCBA-D0E7D1169036}.Release|Any CPU.ActiveCfg = Release|Any CPU
		{CD183098-E434-4BBA-BCBA-D0E7D1169036}.Release|Any CPU.Build.0 = Release|Any CPU
		{62EBC06F-C1E7-40F4-B06B-A5DC133F5182}.Debug|Any CPU.ActiveCfg = Debug|Any CPU
		{62EBC06F-C1E7-40F4-B06B-A5DC133F5182}.Debug|Any CPU.Build.0 = Debug|Any CPU
		{62EBC06F-C1E7-40F4-B06B-A5DC133F5182}.Release|Any CPU.ActiveCfg = Release|Any CPU
		{62EBC06F-C1E7-40F4-B06B-A5DC133F5182}.Release|Any CPU.Build.0 = Release|Any CPU
		{9367E811-BA18-4686-9B71-A846EA6DADCF}.Debug|Any CPU.ActiveCfg = Debug|Any CPU
		{9367E811-BA18-4686-9B71-A846EA6DADCF}.Debug|Any CPU.Build.0 = Debug|Any CPU
		{9367E811-BA18-4686-9B71-A846EA6DADCF}.Release|Any CPU.ActiveCfg = Release|Any CPU
		{9367E811-BA18-4686-9B71-A846EA6DADCF}.Release|Any CPU.Build.0 = Release|Any CPU
		{B04C5389-943B-4558-9188-1DDC3284EE7E}.Debug|Any CPU.ActiveCfg = Debug|Any CPU
		{B04C5389-943B-4558-9188-1DDC3284EE7E}.Debug|Any CPU.Build.0 = Debug|Any CPU
		{B04C5389-943B-4558-9188-1DDC3284EE7E}.Release|Any CPU.ActiveCfg = Release|Any CPU
		{B04C5389-943B-4558-9188-1DDC3284EE7E}.Release|Any CPU.Build.0 = Release|Any CPU
	EndGlobalSection
	GlobalSection(SolutionProperties) = preSolution
		HideSolutionNode = FALSE
	EndGlobalSection
	GlobalSection(NestedProjects) = preSolution
		{EC0CBC0C-E47E-44A5-8353-13B3DB2F9E47} = {D6E10B52-706D-44CC-B022-322863B3FB48}
		{D9F5DDC3-F0E7-4962-B376-0D22A331CA1A} = {D6E10B52-706D-44CC-B022-322863B3FB48}
		{FEE48A93-BAAE-4A63-B9CF-A4182A5CBA00} = {D6E10B52-706D-44CC-B022-322863B3FB48}
		{D93E5CED-E9F0-41FD-AF06-C4D94FDB7DC1} = {D6E10B52-706D-44CC-B022-322863B3FB48}
		{CE1D2261-E233-4E01-9F15-AD9050E64869} = {D6E10B52-706D-44CC-B022-322863B3FB48}
		{6D4740D7-A8D3-4384-A939-A6F01F5DA411} = {3F7948AA-0BD6-4157-B2B5-26E1D33AB609}
		{7A112FC1-4075-48F3-883F-00C46FFEF0CD} = {3F7948AA-0BD6-4157-B2B5-26E1D33AB609}
		{747139C3-B918-4BEA-98B8-5E9F6579348F} = {3F7948AA-0BD6-4157-B2B5-26E1D33AB609}
		{EF06D7ED-0384-42B4-B0F8-BA524B1B948D} = {3F7948AA-0BD6-4157-B2B5-26E1D33AB609}
		{7B0A261C-A404-4938-A7CA-C8911F0D5F50} = {3F7948AA-0BD6-4157-B2B5-26E1D33AB609}
		{0AAC67D8-C5BB-4B52-9232-58C842551BDC} = {8D016948-BE45-4A58-B099-2DD767C93B4C}
		{2B28FCB6-626B-4597-BFFB-7CB45C5F89F9} = {8D016948-BE45-4A58-B099-2DD767C93B4C}
		{9B4681F6-71B9-4C22-A704-D9F5D4EB4498} = {8D016948-BE45-4A58-B099-2DD767C93B4C}
		{85C90CE4-C35A-48FB-8279-B7A15B8C71A9} = {8D016948-BE45-4A58-B099-2DD767C93B4C}
		{FD15F976-1CB0-4BDA-99C7-2443A795D7CC} = {8E1759F7-556B-4B31-BA06-DD5617F2ED37}
		{CD183098-E434-4BBA-BCBA-D0E7D1169036} = {8E1759F7-556B-4B31-BA06-DD5617F2ED37}
		{62EBC06F-C1E7-40F4-B06B-A5DC133F5182} = {8E1759F7-556B-4B31-BA06-DD5617F2ED37}
		{9367E811-BA18-4686-9B71-A846EA6DADCF} = {8E1759F7-556B-4B31-BA06-DD5617F2ED37}
		{B04C5389-943B-4558-9188-1DDC3284EE7E} = {A103D93E-5079-4958-9979-BA8F9B8BE7DC}
	EndGlobalSection
	GlobalSection(ExtensibilityGlobals) = postSolution
		SolutionGuid = {9671863D-7604-4233-98CB-46F65C8B48D5}
	EndGlobalSection
EndGlobal
